
Microsoft Visual Studio Solution File, Format Version 12.00
# Visual Studio Version 17
VisualStudioVersion = 17.4.33213.308
MinimumVisualStudioVersion = 10.0.40219.1
Project("{FAE04EC0-301F-11D3-BF4B-00C04F79EFBC}") = "agendasimples", "agendasimples\agendasimples.csproj", "{A0153A4D-E920-4F54-84A7-BFA77A29816E}"
EndProject
Global
	GlobalSection(SolutionConfigurationPlatforms) = preSolution
		Debug|Any CPU = Debug|Any CPU
		Release|Any CPU = Release|Any CPU
	EndGlobalSection
	GlobalSection(ProjectConfigurationPlatforms) = postSolution
		{A0153A4D-E920-4F54-84A7-BFA77A29816E}.Debug|Any CPU.ActiveCfg = Debug|Any CPU
		{A0153A4D-E920-4F54-84A7-BFA77A29816E}.Debug|Any CPU.Build.0 = Debug|Any CPU
		{A0153A4D-E920-4F54-84A7-BFA77A29816E}.Release|Any CPU.ActiveCfg = Release|Any CPU
		{A0153A4D-E920-4F54-84A7-BFA77A29816E}.Release|Any CPU.Build.0 = Release|Any CPU
	EndGlobalSection
	GlobalSection(SolutionProperties) = preSolution
		HideSolutionNode = FALSE
	EndGlobalSection
	GlobalSection(ExtensibilityGlobals) = postSolution
		SolutionGuid = {CF0A7F68-90B9-45B2-88E7-216C7CA4DD2A}
	EndGlobalSection
EndGlobal
